
Microsoft Visual Studio Solution File, Format Version 12.00
# Visual Studio Version 17
VisualStudioVersion = 17.0.31903.59
MinimumVisualStudioVersion = 10.0.40219.1
Project("{FAE04EC0-301F-11D3-BF4B-00C04F79EFBC}") = "RegionalQuoteApi", "src\RegionalQuoteApi\RegionalQuoteApi.csproj", "{D96E7374-D42B-47C5-B1A3-430F086B84CE}"
EndProject
Global
	GlobalSection(SolutionConfigurationPlatforms) = preSolution
		Debug|Any CPU = Debug|Any CPU
		Release|Any CPU = Release|Any CPU
	EndGlobalSection
	GlobalSection(ProjectConfigurationPlatforms) = postSolution
		{D96E7374-D42B-47C5-B1A3-430F086B84CE}.Debug|Any CPU.ActiveCfg = Debug|Any CPU
		{D96E7374-D42B-47C5-B1A3-430F086B84CE}.Debug|Any CPU.Build.0 = Debug|Any CPU
		{D96E7374-D42B-47C5-B1A3-430F086B84CE}.Release|Any CPU.ActiveCfg = Release|Any CPU
		{D96E7374-D42B-47C5-B1A3-430F086B84CE}.Release|Any CPU.Build.0 = Release|Any CPU
	EndGlobalSection
EndGlobal
